
Microsoft Visual Studio Solution File, Format Version 12.00
# Visual Studio 15
VisualStudioVersion = 15.0.28307.705
MinimumVisualStudioVersion = 10.0.40219.1
Project("{FAE04EC0-301F-11D3-BF4B-00C04F79EFBC}") = "FynnMouseMgt", "FynnMouseMgt\FynnMouseMgt.csproj", "{B322C278-A856-404C-9D6F-26AF97CFF44E}"
EndProject
Global
	GlobalSection(SolutionConfigurationPlatforms) = preSolution
		Debug|Any CPU = Debug|Any CPU
		Release|Any CPU = Release|Any CPU
	EndGlobalSection
	GlobalSection(ProjectConfigurationPlatforms) = postSolution
		{B322C278-A856-404C-9D6F-26AF97CFF44E}.Debug|Any CPU.ActiveCfg = Debug|Any CPU
		{B322C278-A856-404C-9D6F-26AF97CFF44E}.Debug|Any CPU.Build.0 = Debug|Any CPU
		{B322C278-A856-404C-9D6F-26AF97CFF44E}.Release|Any CPU.ActiveCfg = Release|Any CPU
		{B322C278-A856-404C-9D6F-26AF97CFF44E}.Release|Any CPU.Build.0 = Release|Any CPU
	EndGlobalSection
	GlobalSection(SolutionProperties) = preSolution
		HideSolutionNode = FALSE
	EndGlobalSection
	GlobalSection(ExtensibilityGlobals) = postSolution
		SolutionGuid = {07544A67-A828-44E9-BA63-4DCA05A567B8}
	EndGlobalSection
EndGlobal
